
Microsoft Visual Studio Solution File, Format Version 12.00
# Visual Studio Version 16
VisualStudioVersion = 16.0.30330.147
MinimumVisualStudioVersion = 10.0.40219.1
Project("{2150E333-8FDC-42A3-9474-1A3956D46DE8}") = "Common", "Common", "{6CA4653C-BD22-4742-84F4-9FB8E14C7163}"
	ProjectSection(SolutionItems) = preProject
		README.md = README.md
	EndProjectSection
EndProject
Project("{2150E333-8FDC-42A3-9474-1A3956D46DE8}") = "Misc", "Misc", "{8718CD30-666C-4ACA-A7A2-EC14E4D7E225}"
	ProjectSection(SolutionItems) = preProject
		.clang-format = .clang-format
		.editorconfig = .editorconfig
		.gitignore = .gitignore
		clean.bat = clean.bat
		install.bat = install.bat
		LICENSE = LICENSE
		Settings.md = Settings.md
	EndProjectSection
EndProject
Project("{888888A0-9F3D-457C-B088-3A5042F75D52}") = "Tools", "BuildTools\Tools.pyproj", "{22F11BE4-4710-406A-81C5-1C6D83D20ABB}"
EndProject
Project("{FAE04EC0-301F-11D3-BF4B-00C04F79EFBC}") = "EmscriptenTask", "Source\EmscriptenTask.csproj", "{B406192A-A412-4D43-AECE-798EEC936F3D}"
EndProject
Project("{2150E333-8FDC-42A3-9474-1A3956D46DE8}") = "Test01", "Test01", "{EAD105E6-9CD0-499D-B095-831F9C1A86AF}"
EndProject
Project("{2150E333-8FDC-42A3-9474-1A3956D46DE8}") = "Test02", "Test02", "{1437C93F-8F45-4FAB-B848-5CA5CC69EF43}"
EndProject
Project("{2150E333-8FDC-42A3-9474-1A3956D46DE8}") = "Test03", "Test03", "{E1A274F2-ABE1-4751-AF1C-E37093E71069}"
	ProjectSection(SolutionItems) = preProject
		Test\Test03\CMakeLists.txt = Test\Test03\CMakeLists.txt
	EndProjectSection
EndProject
Project("{2150E333-8FDC-42A3-9474-1A3956D46DE8}") = "Exe", "Exe", "{8A110740-4E73-4648-9FF7-A82E39E9D649}"
	ProjectSection(SolutionItems) = preProject
		Test\Test03\Exe\CMakeLists.txt = Test\Test03\Exe\CMakeLists.txt
		Test\Test03\Exe\main.cpp = Test\Test03\Exe\main.cpp
	EndProjectSection
EndProject
Project("{2150E333-8FDC-42A3-9474-1A3956D46DE8}") = "Lib", "Lib", "{2EEAB905-3E16-4479-B617-BAD5120A91A6}"
	ProjectSection(SolutionItems) = preProject
		Test\Test03\Lib\CMakeLists.txt = Test\Test03\Lib\CMakeLists.txt
		Test\Test03\Lib\MockLibAPI.cpp = Test\Test03\Lib\MockLibAPI.cpp
		Test\Test03\Lib\MockLibAPI.h = Test\Test03\Lib\MockLibAPI.h
		Test\Test03\Lib\MockLibAPI_Impl.cpp = Test\Test03\Lib\MockLibAPI_Impl.cpp
	EndProjectSection
EndProject
Project("{2150E333-8FDC-42A3-9474-1A3956D46DE8}") = "Test04", "Test04", "{33BDC5B4-707B-48AC-81D7-3CDF1FB66AAA}"
EndProject
Project("{FAE04EC0-301F-11D3-BF4B-00C04F79EFBC}") = "Test01", "Test\Test01\Test01.csproj", "{87A9172E-359A-4E24-9978-B502FB2187EE}"
EndProject
Project("{2150E333-8FDC-42A3-9474-1A3956D46DE8}") = "TestFiles", "TestFiles", "{D51E545F-7D58-4798-B141-757EEBCAD5FD}"
	ProjectSection(SolutionItems) = preProject
		Test\Test01\main.c = Test\Test01\main.c
		Test\Test01\main.cpp = Test\Test01\main.cpp
		Test\Test01\Test1 = Test\Test01\Test1
		Test\Test01\Test2 = Test\Test01\Test2
		Test\Test01\Test3 = Test\Test01\Test3
		Test\Test01\Test4 = Test\Test01\Test4
		Test\Test01\Test5 = Test\Test01\Test5
	EndProjectSection
EndProject
Project("{2150E333-8FDC-42A3-9474-1A3956D46DE8}") = "TestFIles", "TestFIles", "{6859FDC4-748B-4D38-BFEF-2A025C636035}"
	ProjectSection(SolutionItems) = preProject
		Test\Test02\CMakeLists.txt = Test\Test02\CMakeLists.txt
		Test\Test02\main.cpp = Test\Test02\main.cpp
	EndProjectSection
EndProject
Project("{FAE04EC0-301F-11D3-BF4B-00C04F79EFBC}") = "Test02", "Test\Test02\Test02.csproj", "{AAD1D6EB-0D0D-43AE-8F14-71BEA33C531F}"
EndProject
Project("{2150E333-8FDC-42A3-9474-1A3956D46DE8}") = "Html", "Html", "{B6F87EF8-89FD-4830-A8DD-8D6551E4A51E}"
	ProjectSection(SolutionItems) = preProject
		Test\Test03\HTML\CMakeLists.txt = Test\Test03\HTML\CMakeLists.txt
		Test\Test03\HTML\Main.cpp = Test\Test03\HTML\Main.cpp
	EndProjectSection
EndProject
Project("{2150E333-8FDC-42A3-9474-1A3956D46DE8}") = "SDL", "SDL", "{744156B9-82BA-4C0A-8846-E22DAA0F6A4D}"
	ProjectSection(SolutionItems) = preProject
		Test\Test03\SDL\CMakeLists.txt = Test\Test03\SDL\CMakeLists.txt
		Test\Test03\SDL\Main.cpp = Test\Test03\SDL\Main.cpp
	EndProjectSection
EndProject
Project("{2150E333-8FDC-42A3-9474-1A3956D46DE8}") = "Test05", "Test05", "{1CBAC763-C600-4678-92A8-2310021FCB00}"
EndProject
Project("{FAE04EC0-301F-11D3-BF4B-00C04F79EFBC}") = "Test05", "Test\Test05\Test05.csproj", "{45345B30-5A8F-4BA5-911C-5930EAA7B743}"
EndProject
Project("{2150E333-8FDC-42A3-9474-1A3956D46DE8}") = "Tests", "Tests", "{21F7F39F-CC7E-4810-BA01-55EB59889A00}"
EndProject
Project("{2150E333-8FDC-42A3-9474-1A3956D46DE8}") = "Common", "Common", "{1E9480F3-39B6-4814-A92E-095691AC5457}"
EndProject
Project("{FAE04EC0-301F-11D3-BF4B-00C04F79EFBC}") = "TestUtils", "Test\Common\TestUtils.csproj", "{47274028-A7C0-44E2-BB99-977530F214FE}"
EndProject
Project("{FAE04EC0-301F-11D3-BF4B-00C04F79EFBC}") = "Test04", "Test\Test04\Test04.csproj", "{06138D2E-184D-45C1-9573-648406CEEEE4}"
EndProject
Global
	GlobalSection(SolutionConfigurationPlatforms) = preSolution
		Debug|Any CPU = Debug|Any CPU
		Debug|Emscripten = Debug|Emscripten
		Debug|x64 = Debug|x64
		Debug|x86 = Debug|x86
		Release|Any CPU = Release|Any CPU
		Release|Emscripten = Release|Emscripten
		Release|x64 = Release|x64
		Release|x86 = Release|x86
	EndGlobalSection
	GlobalSection(ProjectConfigurationPlatforms) = postSolution
		{22F11BE4-4710-406A-81C5-1C6D83D20ABB}.Debug|Any CPU.ActiveCfg = Debug|Any CPU
		{22F11BE4-4710-406A-81C5-1C6D83D20ABB}.Debug|Emscripten.ActiveCfg = Debug|Any CPU
		{22F11BE4-4710-406A-81C5-1C6D83D20ABB}.Debug|x64.ActiveCfg = Debug|Any CPU
		{22F11BE4-4710-406A-81C5-1C6D83D20ABB}.Debug|x86.ActiveCfg = Debug|Any CPU
		{22F11BE4-4710-406A-81C5-1C6D83D20ABB}.Release|Any CPU.ActiveCfg = Release|Any CPU
		{22F11BE4-4710-406A-81C5-1C6D83D20ABB}.Release|Emscripten.ActiveCfg = Release|Any CPU
		{22F11BE4-4710-406A-81C5-1C6D83D20ABB}.Release|x64.ActiveCfg = Release|Any CPU
		{22F11BE4-4710-406A-81C5-1C6D83D20ABB}.Release|x86.ActiveCfg = Release|Any CPU
		{B406192A-A412-4D43-AECE-798EEC936F3D}.Debug|Any CPU.ActiveCfg = Debug|Any CPU
		{B406192A-A412-4D43-AECE-798EEC936F3D}.Debug|Any CPU.Build.0 = Debug|Any CPU
		{B406192A-A412-4D43-AECE-798EEC936F3D}.Debug|Emscripten.ActiveCfg = Debug|Any CPU
		{B406192A-A412-4D43-AECE-798EEC936F3D}.Debug|Emscripten.Build.0 = Debug|Any CPU
		{B406192A-A412-4D43-AECE-798EEC936F3D}.Debug|x64.ActiveCfg = Debug|Any CPU
		{B406192A-A412-4D43-AECE-798EEC936F3D}.Debug|x64.Build.0 = Debug|Any CPU
		{B406192A-A412-4D43-AECE-798EEC936F3D}.Debug|x86.ActiveCfg = Debug|Any CPU
		{B406192A-A412-4D43-AECE-798EEC936F3D}.Debug|x86.Build.0 = Debug|Any CPU
		{B406192A-A412-4D43-AECE-798EEC936F3D}.Release|Any CPU.ActiveCfg = Release|Any CPU
		{B406192A-A412-4D43-AECE-798EEC936F3D}.Release|Any CPU.Build.0 = Release|Any CPU
		{B406192A-A412-4D43-AECE-798EEC936F3D}.Release|Emscripten.ActiveCfg = Release|Any CPU
		{B406192A-A412-4D43-AECE-798EEC936F3D}.Release|Emscripten.Build.0 = Release|Any CPU
		{B406192A-A412-4D43-AECE-798EEC936F3D}.Release|x64.ActiveCfg = Release|Any CPU
		{B406192A-A412-4D43-AECE-798EEC936F3D}.Release|x64.Build.0 = Release|Any CPU
		{B406192A-A412-4D43-AECE-798EEC936F3D}.Release|x86.ActiveCfg = Release|Any CPU
		{B406192A-A412-4D43-AECE-798EEC936F3D}.Release|x86.Build.0 = Release|Any CPU
		{87A9172E-359A-4E24-9978-B502FB2187EE}.Debug|Any CPU.ActiveCfg = Debug|Any CPU
		{87A9172E-359A-4E24-9978-B502FB2187EE}.Debug|Any CPU.Build.0 = Debug|Any CPU
		{87A9172E-359A-4E24-9978-B502FB2187EE}.Debug|Emscripten.ActiveCfg = Debug|Any CPU
		{87A9172E-359A-4E24-9978-B502FB2187EE}.Debug|Emscripten.Build.0 = Debug|Any CPU
		{87A9172E-359A-4E24-9978-B502FB2187EE}.Debug|x64.ActiveCfg = Debug|Any CPU
		{87A9172E-359A-4E24-9978-B502FB2187EE}.Debug|x64.Build.0 = Debug|Any CPU
		{87A9172E-359A-4E24-9978-B502FB2187EE}.Debug|x86.ActiveCfg = Debug|Any CPU
		{87A9172E-359A-4E24-9978-B502FB2187EE}.Debug|x86.Build.0 = Debug|Any CPU
		{87A9172E-359A-4E24-9978-B502FB2187EE}.Release|Any CPU.ActiveCfg = Release|Any CPU
		{87A9172E-359A-4E24-9978-B502FB2187EE}.Release|Any CPU.Build.0 = Release|Any CPU
		{87A9172E-359A-4E24-9978-B502FB2187EE}.Release|Emscripten.ActiveCfg = Release|Any CPU
		{87A9172E-359A-4E24-9978-B502FB2187EE}.Release|Emscripten.Build.0 = Release|Any CPU
		{87A9172E-359A-4E24-9978-B502FB2187EE}.Release|x64.ActiveCfg = Release|Any CPU
		{87A9172E-359A-4E24-9978-B502FB2187EE}.Release|x64.Build.0 = Release|Any CPU
		{87A9172E-359A-4E24-9978-B502FB2187EE}.Release|x86.ActiveCfg = Release|Any CPU
		{87A9172E-359A-4E24-9978-B502FB2187EE}.Release|x86.Build.0 = Release|Any CPU
		{AAD1D6EB-0D0D-43AE-8F14-71BEA33C531F}.Debug|Any CPU.ActiveCfg = Debug|Any CPU
		{AAD1D6EB-0D0D-43AE-8F14-71BEA33C531F}.Debug|Any CPU.Build.0 = Debug|Any CPU
		{AAD1D6EB-0D0D-43AE-8F14-71BEA33C531F}.Debug|Emscripten.ActiveCfg = Debug|Any CPU
		{AAD1D6EB-0D0D-43AE-8F14-71BEA33C531F}.Debug|Emscripten.Build.0 = Debug|Any CPU
		{AAD1D6EB-0D0D-43AE-8F14-71BEA33C531F}.Debug|x64.ActiveCfg = Debug|Any CPU
		{AAD1D6EB-0D0D-43AE-8F14-71BEA33C531F}.Debug|x64.Build.0 = Debug|Any CPU
		{AAD1D6EB-0D0D-43AE-8F14-71BEA33C531F}.Debug|x86.ActiveCfg = Debug|Any CPU
		{AAD1D6EB-0D0D-43AE-8F14-71BEA33C531F}.Debug|x86.Build.0 = Debug|Any CPU
		{AAD1D6EB-0D0D-43AE-8F14-71BEA33C531F}.Release|Any CPU.ActiveCfg = Release|Any CPU
		{AAD1D6EB-0D0D-43AE-8F14-71BEA33C531F}.Release|Any CPU.Build.0 = Release|Any CPU
		{AAD1D6EB-0D0D-43AE-8F14-71BEA33C531F}.Release|Emscripten.ActiveCfg = Release|Any CPU
		{AAD1D6EB-0D0D-43AE-8F14-71BEA33C531F}.Release|Emscripten.Build.0 = Release|Any CPU
		{AAD1D6EB-0D0D-43AE-8F14-71BEA33C531F}.Release|x64.ActiveCfg = Release|Any CPU
		{AAD1D6EB-0D0D-43AE-8F14-71BEA33C531F}.Release|x64.Build.0 = Release|Any CPU
		{AAD1D6EB-0D0D-43AE-8F14-71BEA33C531F}.Release|x86.ActiveCfg = Release|Any CPU
		{AAD1D6EB-0D0D-43AE-8F14-71BEA33C531F}.Release|x86.Build.0 = Release|Any CPU
		{45345B30-5A8F-4BA5-911C-5930EAA7B743}.Debug|Any CPU.ActiveCfg = Debug|Any CPU
		{45345B30-5A8F-4BA5-911C-5930EAA7B743}.Debug|Any CPU.Build.0 = Debug|Any CPU
		{45345B30-5A8F-4BA5-911C-5930EAA7B743}.Debug|Emscripten.ActiveCfg = Debug|Any CPU
		{45345B30-5A8F-4BA5-911C-5930EAA7B743}.Debug|Emscripten.Build.0 = Debug|Any CPU
		{45345B30-5A8F-4BA5-911C-5930EAA7B743}.Debug|x64.ActiveCfg = Debug|Any CPU
		{45345B30-5A8F-4BA5-911C-5930EAA7B743}.Debug|x64.Build.0 = Debug|Any CPU
		{45345B30-5A8F-4BA5-911C-5930EAA7B743}.Debug|x86.ActiveCfg = Debug|Any CPU
		{45345B30-5A8F-4BA5-911C-5930EAA7B743}.Debug|x86.Build.0 = Debug|Any CPU
		{45345B30-5A8F-4BA5-911C-5930EAA7B743}.Release|Any CPU.ActiveCfg = Release|Any CPU
		{45345B30-5A8F-4BA5-911C-5930EAA7B743}.Release|Any CPU.Build.0 = Release|Any CPU
		{45345B30-5A8F-4BA5-911C-5930EAA7B743}.Release|Emscripten.ActiveCfg = Release|Any CPU
		{45345B30-5A8F-4BA5-911C-5930EAA7B743}.Release|Emscripten.Build.0 = Release|Any CPU
		{45345B30-5A8F-4BA5-911C-5930EAA7B743}.Release|x64.ActiveCfg = Release|Any CPU
		{45345B30-5A8F-4BA5-911C-5930EAA7B743}.Release|x64.Build.0 = Release|Any CPU
		{45345B30-5A8F-4BA5-911C-5930EAA7B743}.Release|x86.ActiveCfg = Release|Any CPU
		{45345B30-5A8F-4BA5-911C-5930EAA7B743}.Release|x86.Build.0 = Release|Any CPU
		{47274028-A7C0-44E2-BB99-977530F214FE}.Debug|Any CPU.ActiveCfg = Debug|Any CPU
		{47274028-A7C0-44E2-BB99-977530F214FE}.Debug|Any CPU.Build.0 = Debug|Any CPU
		{47274028-A7C0-44E2-BB99-977530F214FE}.Debug|Emscripten.ActiveCfg = Debug|Any CPU
		{47274028-A7C0-44E2-BB99-977530F214FE}.Debug|Emscripten.Build.0 = Debug|Any CPU
		{47274028-A7C0-44E2-BB99-977530F214FE}.Debug|x64.ActiveCfg = Debug|Any CPU
		{47274028-A7C0-44E2-BB99-977530F214FE}.Debug|x64.Build.0 = Debug|Any CPU
		{47274028-A7C0-44E2-BB99-977530F214FE}.Debug|x86.ActiveCfg = Debug|Any CPU
		{47274028-A7C0-44E2-BB99-977530F214FE}.Debug|x86.Build.0 = Debug|Any CPU
		{47274028-A7C0-44E2-BB99-977530F214FE}.Release|Any CPU.ActiveCfg = Release|Any CPU
		{47274028-A7C0-44E2-BB99-977530F214FE}.Release|Any CPU.Build.0 = Release|Any CPU
		{47274028-A7C0-44E2-BB99-977530F214FE}.Release|Emscripten.ActiveCfg = Release|Any CPU
		{47274028-A7C0-44E2-BB99-977530F214FE}.Release|Emscripten.Build.0 = Release|Any CPU
		{47274028-A7C0-44E2-BB99-977530F214FE}.Release|x64.ActiveCfg = Release|Any CPU
		{47274028-A7C0-44E2-BB99-977530F214FE}.Release|x64.Build.0 = Release|Any CPU
		{47274028-A7C0-44E2-BB99-977530F214FE}.Release|x86.ActiveCfg = Release|Any CPU
		{47274028-A7C0-44E2-BB99-977530F214FE}.Release|x86.Build.0 = Release|Any CPU
		{06138D2E-184D-45C1-9573-648406CEEEE4}.Debug|Any CPU.ActiveCfg = Debug|Any CPU
		{06138D2E-184D-45C1-9573-648406CEEEE4}.Debug|Any CPU.Build.0 = Debug|Any CPU
		{06138D2E-184D-45C1-9573-648406CEEEE4}.Debug|Emscripten.ActiveCfg = Debug|Any CPU
		{06138D2E-184D-45C1-9573-648406CEEEE4}.Debug|Emscripten.Build.0 = Debug|Any CPU
		{06138D2E-184D-45C1-9573-648406CEEEE4}.Debug|x64.ActiveCfg = Debug|Any CPU
		{06138D2E-184D-45C1-9573-648406CEEEE4}.Debug|x64.Build.0 = Debug|Any CPU
		{06138D2E-184D-45C1-9573-648406CEEEE4}.Debug|x86.ActiveCfg = Debug|Any CPU
		{06138D2E-184D-45C1-9573-648406CEEEE4}.Debug|x86.Build.0 = Debug|Any CPU
		{06138D2E-184D-45C1-9573-648406CEEEE4}.Release|Any CPU.ActiveCfg = Release|Any CPU
		{06138D2E-184D-45C1-9573-648406CEEEE4}.Release|Any CPU.Build.0 = Release|Any CPU
		{06138D2E-184D-45C1-9573-648406CEEEE4}.Release|Emscripten.ActiveCfg = Release|Any CPU
		{06138D2E-184D-45C1-9573-648406CEEEE4}.Release|Emscripten.Build.0 = Release|Any CPU
		{06138D2E-184D-45C1-9573-648406CEEEE4}.Release|x64.ActiveCfg = Release|Any CPU
		{06138D2E-184D-45C1-9573-648406CEEEE4}.Release|x64.Build.0 = Release|Any CPU
		{06138D2E-184D-45C1-9573-648406CEEEE4}.Release|x86.ActiveCfg = Release|Any CPU
		{06138D2E-184D-45C1-9573-648406CEEEE4}.Release|x86.Build.0 = Release|Any CPU
	EndGlobalSection
	GlobalSection(SolutionProperties) = preSolution
		HideSolutionNode = FALSE
	EndGlobalSection
	GlobalSection(NestedProjects) = preSolution
		{8718CD30-666C-4ACA-A7A2-EC14E4D7E225} = {6CA4653C-BD22-4742-84F4-9FB8E14C7163}
		{22F11BE4-4710-406A-81C5-1C6D83D20ABB} = {6CA4653C-BD22-4742-84F4-9FB8E14C7163}
		{EAD105E6-9CD0-499D-B095-831F9C1A86AF} = {21F7F39F-CC7E-4810-BA01-55EB59889A00}
		{1437C93F-8F45-4FAB-B848-5CA5CC69EF43} = {21F7F39F-CC7E-4810-BA01-55EB59889A00}
		{E1A274F2-ABE1-4751-AF1C-E37093E71069} = {21F7F39F-CC7E-4810-BA01-55EB59889A00}
		{8A110740-4E73-4648-9FF7-A82E39E9D649} = {E1A274F2-ABE1-4751-AF1C-E37093E71069}
		{2EEAB905-3E16-4479-B617-BAD5120A91A6} = {E1A274F2-ABE1-4751-AF1C-E37093E71069}
		{33BDC5B4-707B-48AC-81D7-3CDF1FB66AAA} = {21F7F39F-CC7E-4810-BA01-55EB59889A00}
		{87A9172E-359A-4E24-9978-B502FB2187EE} = {EAD105E6-9CD0-499D-B095-831F9C1A86AF}
		{D51E545F-7D58-4798-B141-757EEBCAD5FD} = {EAD105E6-9CD0-499D-B095-831F9C1A86AF}
		{6859FDC4-748B-4D38-BFEF-2A025C636035} = {1437C93F-8F45-4FAB-B848-5CA5CC69EF43}
		{AAD1D6EB-0D0D-43AE-8F14-71BEA33C531F} = {1437C93F-8F45-4FAB-B848-5CA5CC69EF43}
		{B6F87EF8-89FD-4830-A8DD-8D6551E4A51E} = {E1A274F2-ABE1-4751-AF1C-E37093E71069}
		{744156B9-82BA-4C0A-8846-E22DAA0F6A4D} = {E1A274F2-ABE1-4751-AF1C-E37093E71069}
		{1CBAC763-C600-4678-92A8-2310021FCB00} = {21F7F39F-CC7E-4810-BA01-55EB59889A00}
		{45345B30-5A8F-4BA5-911C-5930EAA7B743} = {1CBAC763-C600-4678-92A8-2310021FCB00}
		{1E9480F3-39B6-4814-A92E-095691AC5457} = {21F7F39F-CC7E-4810-BA01-55EB59889A00}
		{47274028-A7C0-44E2-BB99-977530F214FE} = {1E9480F3-39B6-4814-A92E-095691AC5457}
		{06138D2E-184D-45C1-9573-648406CEEEE4} = {33BDC5B4-707B-48AC-81D7-3CDF1FB66AAA}
	EndGlobalSection
	GlobalSection(ExtensibilityGlobals) = postSolution
		SolutionGuid = {0B4BE6E9-F7C1-4ADE-B5AE-70F7E6E93EEF}
	EndGlobalSection
EndGlobal
